
Microsoft Visual Studio Solution File, Format Version 12.00
# Visual Studio Version 17
VisualStudioVersion = 17.11.35219.272
MinimumVisualStudioVersion = 10.0.40219.1
Project("{FAE04EC0-301F-11D3-BF4B-00C04F79EFBC}") = "backend", "backend.csproj", "{874BE2AE-0A7A-4973-95E0-3C1EA83EE01E}"
EndProject
Global
	GlobalSection(SolutionConfigurationPlatforms) = preSolution
		Debug|Any CPU = Debug|Any CPU
		Release|Any CPU = Release|Any CPU
	EndGlobalSection
	GlobalSection(ProjectConfigurationPlatforms) = postSolution
		{874BE2AE-0A7A-4973-95E0-3C1EA83EE01E}.Debug|Any CPU.ActiveCfg = Debug|Any CPU
		{874BE2AE-0A7A-4973-95E0-3C1EA83EE01E}.Debug|Any CPU.Build.0 = Debug|Any CPU
		{874BE2AE-0A7A-4973-95E0-3C1EA83EE01E}.Release|Any CPU.ActiveCfg = Release|Any CPU
		{874BE2AE-0A7A-4973-95E0-3C1EA83EE01E}.Release|Any CPU.Build.0 = Release|Any CPU
	EndGlobalSection
	GlobalSection(SolutionProperties) = preSolution
		HideSolutionNode = FALSE
	EndGlobalSection
	GlobalSection(ExtensibilityGlobals) = postSolution
		SolutionGuid = {52F2E08B-A5C1-4C74-8E0E-B0972E640A1C}
	EndGlobalSection
EndGlobal
